lockfileVersion: '9.0'

settings:
  autoInstallPeers: true
  excludeLinksFromLockfile: false

importers:

  .:
    dependencies:
      '@remix-run/route-pattern':
        specifier: ^0.16.0
        version: 0.16.0
      '@standard-schema/spec':
        specifier: ^1.1.0
        version: 1.1.0
    devDependencies:
      '@types/node':
        specifier: ^24.10.8
        version: 24.10.8
      oxfmt:
        specifier: ^0.25.0
        version: 0.25.0
      oxlint:
        specifier: ^1.40.0
        version: 1.40.0
      typescript:
        specifier: ^5.9.3
        version: 5.9.3
      zod:
        specifier: ^4.3.5
        version: 4.3.5

packages:

  '@oxfmt/darwin-arm64@0.25.0':
    resolution: {integrity: sha512-nmSRrzs0KY1ZDxnxoL3r2GPy5S2Lqd96HiUFc6gJU0QJzyhV+BM6Da6y3eb6hVuWRGD2TAGk0/1DMpOeA0fbVQ==}
    cpu: [arm64]
    os: [darwin]

  '@oxfmt/darwin-x64@0.25.0':
    resolution: {integrity: sha512-+/cK2gLk2KQrEahVlNhkOO4mHRT+nktFe7vtDWDP+oHGXaUf+T4nEjRAC1b1e9meyvQkRT/csZ8UKnH47X3Vkw==}
    cpu: [x64]
    os: [darwin]

  '@oxfmt/linux-arm64-gnu@0.25.0':
    resolution: {integrity: sha512-49lZ+ZzdJyV48WhVBJxoFPA+jqI9pyZjEFjzf8C/oIzqJpeYIXKPqPKSsSoxpyNNwJjKSU5vtEt22Wcy02SjfA==}
    cpu: [arm64]
    os: [linux]

  '@oxfmt/linux-arm64-musl@0.25.0':
    resolution: {integrity: sha512-+/ocuSyP1QT+g42XfDMrOFcqAZm97EmrbApN3uSEMKjkMYynHDhnn9pUrd3npWUL5TJ1UP8+oef9HC+3xwM8aQ==}
    cpu: [arm64]
    os: [linux]

  '@oxfmt/linux-x64-gnu@0.25.0':
    resolution: {integrity: sha512-yurvkJbcrNACvNjsIclFohM4RMAkJ8X0gjIe0VUYuZY10ZCzWfYKX5JxVSqSnRD2lt7+DgDrw+Yxu0zuc2pvUA==}
    cpu: [x64]
    os: [linux]

  '@oxfmt/linux-x64-musl@0.25.0':
    resolution: {integrity: sha512-vB+Ow4+R/Cbyaq9xQVENfmhzYLcNsaCjHINlC3D8s7Qc6gD0OAM+paXgn5pLV1j9pKBpvgn7HRP5WLdyr/GsPg==}
    cpu: [x64]
    os: [linux]

  '@oxfmt/win32-arm64@0.25.0':
    resolution: {integrity: sha512-iDuhX2FBAraHDp7Mo2EOgVN7R3s6EQjydmXTJlw9Ds2b4UclJHXNAwD0TQ30XV+VhHVtS4ErZdJMPZ5fghKSvQ==}
    cpu: [arm64]
    os: [win32]

  '@oxfmt/win32-x64@0.25.0':
    resolution: {integrity: sha512-zXSu91JpOH+ESOgcPQA2gedLRqbxnxy5gRxVp0tbNY/Ymttb3woKmY3AHDT2Llv1t//A3RR7R0m4542QJJos+Q==}
    cpu: [x64]
    os: [win32]

  '@oxlint/darwin-arm64@1.40.0':
    resolution: {integrity: sha512-oHw/djictdkQmHoGNIOs7z+KX/D6KGiA6kp0di/10ZqZXRrQ78wMJvH1qvCcJOUB5Emofx/Jt3VvQvqMUVqmkA==}
    cpu: [arm64]
    os: [darwin]

  '@oxlint/darwin-x64@1.40.0':
    resolution: {integrity: sha512-ZQJFAt55ljXstyZyaUjunPcy1iXYqCVLdfKsa/ODk6+CZSziItkaGA8ysGIP21gUlJ29+zRpFpXi/KR2BUk/og==}
    cpu: [x64]
    os: [darwin]

  '@oxlint/linux-arm64-gnu@1.40.0':
    resolution: {integrity: sha512-56Q5kCv68HZh34obIIdQ5ahnAq4r12yuC+GgebnN5AG1UiXOZPj9oIdYNEBhT/1Yw3bqP6LvTqmwlDtIrTGMKA==}
    cpu: [arm64]
    os: [linux]

  '@oxlint/linux-arm64-musl@1.40.0':
    resolution: {integrity: sha512-nMFYyMK1np/QjrBiBxAQtjinc8zfae7iLeXD1ldArBqRZXENju1HB2zEiBai2dFembf0qBFwLsnxNNjUKisJFA==}
    cpu: [arm64]
    os: [linux]

  '@oxlint/linux-x64-gnu@1.40.0':
    resolution: {integrity: sha512-R59DnCC6vgLvP/ClZKTM0E+3fXb+eryvCmhuUvLz+PLnjBBr9kxbqN9df60MLX5tLFWqH1eai1rSCFunGw1xgA==}
    cpu: [x64]
    os: [linux]

  '@oxlint/linux-x64-musl@1.40.0':
    resolution: {integrity: sha512-XhFyEAoi6YIWIdgjNzn0Z9XaeY3iye7xoT7/INTSdfyIKyxMDxLbtmH1YQC8OYPpZHMgx/bMdSlrJHKfxPJLFw==}
    cpu: [x64]
    os: [linux]

  '@oxlint/win32-arm64@1.40.0':
    resolution: {integrity: sha512-ZYGXO7zYSzVqv64GWaF8PlkYhRmXvUzLXZ6T+n+l9i8X/lPvjtwEh4x+7c5vOWHvE5kIbIGcSfd2JAm1V5MuoA==}
    cpu: [arm64]
    os: [win32]

  '@oxlint/win32-x64@1.40.0':
    resolution: {integrity: sha512-Y1jjbl1b7u+Q0mQ2Fn9b7PCZtqvEDXtQ4KmVCBcbJVs/Cm76wALAGK3E7tLlOki+1f7TSB0+yJMrZHx14aX/kg==}
    cpu: [x64]
    os: [win32]

  '@remix-run/route-pattern@0.16.0':
    resolution: {integrity: sha512-Co6bPtODF7cLYVBweayRXfEb31ybz45WqwT/u72eDQJZgRSVKFf0Ps9fqinSaiX0Xp7jvkRCBAbSUgLuLLjzuw==}

  '@standard-schema/spec@1.1.0':
    resolution: {integrity: sha512-l2aFy5jALhniG5HgqrD6jXLi/rUWrKvqN/qJx6yoJsgKhblVd+iqqU4RCXavm/jPityDo5TCvKMnpjKnOriy0w==}

  '@types/node@24.10.8':
    resolution: {integrity: sha512-r0bBaXu5Swb05doFYO2kTWHMovJnNVbCsII0fhesM8bNRlLhXIuckley4a2DaD+vOdmm5G+zGkQZAPZsF80+YQ==}

  oxfmt@0.25.0:
    resolution: {integrity: sha512-bsIKcT/h876sFnnhcLUiSFzhMhLh677f6SBVZS9ZOy/+wOT8K/jYI1vFVTqx4LIq3jnUs24SzTt3cPHpcn5V8A==}
    engines: {node: ^20.19.0 || >=22.12.0}
    hasBin: true

  oxlint@1.40.0:
    resolution: {integrity: sha512-f4xo1z/RpJWuCQVKlXq0SSSXhRYxs+GLY9w2oOMsiYlyN0YUsMpNHA+756GbnJwepG6etvYasf8yDZUTN9ZtPw==}
    engines: {node: ^20.19.0 || >=22.12.0}
    hasBin: true
    peerDependencies:
      oxlint-tsgolint: '>=0.11.1'
    peerDependenciesMeta:
      oxlint-tsgolint:
        optional: true

  tinypool@2.0.0:
    resolution: {integrity: sha512-/RX9RzeH2xU5ADE7n2Ykvmi9ED3FBGPAjw9u3zucrNNaEBIO0HPSYgL0NT7+3p147ojeSdaVu08F6hjpv31HJg==}
    engines: {node: ^20.0.0 || >=22.0.0}

  typescript@5.9.3:
    resolution: {integrity: sha512-jl1vZzPDinLr9eUt3J/t7V6FgNEw9QjvBPdysz9KfQDD41fQrC2Y4vKQdiaUpFT4bXlb1RHhLpp8wtm6M5TgSw==}
    engines: {node: '>=14.17'}
    hasBin: true

  undici-types@7.16.0:
    resolution: {integrity: sha512-Zz+aZWSj8LE6zoxD+xrjh4VfkIG8Ya6LvYkZqtUQGJPZjYl53ypCaUwWqo7eI0x66KBGeRo+mlBEkMSeSZ38Nw==}

  zod@4.3.5:
    resolution: {integrity: sha512-k7Nwx6vuWx1IJ9Bjuf4Zt1PEllcwe7cls3VNzm4CQ1/hgtFUK2bRNG3rvnpPUhFjmqJKAKtjV576KnUkHocg/g==}

snapshots:

  '@oxfmt/darwin-arm64@0.25.0':
    optional: true

  '@oxfmt/darwin-x64@0.25.0':
    optional: true

  '@oxfmt/linux-arm64-gnu@0.25.0':
    optional: true

  '@oxfmt/linux-arm64-musl@0.25.0':
    optional: true

  '@oxfmt/linux-x64-gnu@0.25.0':
    optional: true

  '@oxfmt/linux-x64-musl@0.25.0':
    optional: true

  '@oxfmt/win32-arm64@0.25.0':
    optional: true

  '@oxfmt/win32-x64@0.25.0':
    optional: true

  '@oxlint/darwin-arm64@1.40.0':
    optional: true

  '@oxlint/darwin-x64@1.40.0':
    optional: true

  '@oxlint/linux-arm64-gnu@1.40.0':
    optional: true

  '@oxlint/linux-arm64-musl@1.40.0':
    optional: true

  '@oxlint/linux-x64-gnu@1.40.0':
    optional: true

  '@oxlint/linux-x64-musl@1.40.0':
    optional: true

  '@oxlint/win32-arm64@1.40.0':
    optional: true

  '@oxlint/win32-x64@1.40.0':
    optional: true

  '@remix-run/route-pattern@0.16.0': {}

  '@standard-schema/spec@1.1.0': {}

  '@types/node@24.10.8':
    dependencies:
      undici-types: 7.16.0

  oxfmt@0.25.0:
    dependencies:
      tinypool: 2.0.0
    optionalDependencies:
      '@oxfmt/darwin-arm64': 0.25.0
      '@oxfmt/darwin-x64': 0.25.0
      '@oxfmt/linux-arm64-gnu': 0.25.0
      '@oxfmt/linux-arm64-musl': 0.25.0
      '@oxfmt/linux-x64-gnu': 0.25.0
      '@oxfmt/linux-x64-musl': 0.25.0
      '@oxfmt/win32-arm64': 0.25.0
      '@oxfmt/win32-x64': 0.25.0

  oxlint@1.40.0:
    optionalDependencies:
      '@oxlint/darwin-arm64': 1.40.0
      '@oxlint/darwin-x64': 1.40.0
      '@oxlint/linux-arm64-gnu': 1.40.0
      '@oxlint/linux-arm64-musl': 1.40.0
      '@oxlint/linux-x64-gnu': 1.40.0
      '@oxlint/linux-x64-musl': 1.40.0
      '@oxlint/win32-arm64': 1.40.0
      '@oxlint/win32-x64': 1.40.0

  tinypool@2.0.0: {}

  typescript@5.9.3: {}

  undici-types@7.16.0: {}

  zod@4.3.5: {}
